// !$*UTF8*$!
{
	archiveVersion = 1;
	classes = {
	};
	objectVersion = 56;
	objects = {

/* Begin PBXBuildFile section */
		AAA00001 /* HeartlabsEchoApp.swift in Sources */ = {isa = PBXBuildFile; fileRef = AAA00004 /* HeartlabsEchoApp.swift */; };
		AAA00002 /* ContentView.swift in Sources */ = {isa = PBXBuildFile; fileRef = AAA00005 /* ContentView.swift */; };
		AAA00003 /* SpeechRecognizer.swift in Sources */ = {isa = PBXBuildFile; fileRef = AAA00006 /* SpeechRecognizer.swift */; };
		AAA0001A /* ChatMessage.swift in Sources */ = {isa = PBXBuildFile; fileRef = AAA0001E /* ChatMessage.swift */; };
		AAA0001B /* LLMService.swift in Sources */ = {isa = PBXBuildFile; fileRef = AAA0001F /* LLMService.swift */; };
		AAA0001C /* ChatViewModel.swift in Sources */ = {isa = PBXBuildFile; fileRef = AAA00020 /* ChatViewModel.swift */; };
		AAA0001D /* system-prompt.md in Resources */ = {isa = PBXBuildFile; fileRef = AAA00021 /* system-prompt.md */; };
		AAA00024 /* llm-config.plist in Resources */ = {isa = PBXBuildFile; fileRef = AAA00023 /* llm-config.plist */; };
		AAA00026 /* Theme.swift in Sources */ = {isa = PBXBuildFile; fileRef = AAA00025 /* Theme.swift */; };
		AAA00027 /* Models.swift in Sources */ = {isa = PBXBuildFile; fileRef = AAA00028 /* Models.swift */; };
		AAA00029 /* ConversationService.swift in Sources */ = {isa = PBXBuildFile; fileRef = AAA0002A /* ConversationService.swift */; };
		AAA0002B /* CalendarView.swift in Sources */ = {isa = PBXBuildFile; fileRef = AAA0002D /* CalendarView.swift */; };
		AAA0002C /* CalendarViewModel.swift in Sources */ = {isa = PBXBuildFile; fileRef = AAA0002E /* CalendarViewModel.swift */; };
		AAA00030 /* Assets.xcassets in Resources */ = {isa = PBXBuildFile; fileRef = AAA00008 /* Assets.xcassets */; };
		AAA00101 /* LifeTreeModels.swift in Sources */ = {isa = PBXBuildFile; fileRef = AAA00111 /* LifeTreeModels.swift */; };
		AAA00102 /* TreeRenderer.swift in Sources */ = {isa = PBXBuildFile; fileRef = AAA00112 /* TreeRenderer.swift */; };
		AAA00103 /* TreeScoreService.swift in Sources */ = {isa = PBXBuildFile; fileRef = AAA00113 /* TreeScoreService.swift */; };
		AAA00104 /* TreeViewModel.swift in Sources */ = {isa = PBXBuildFile; fileRef = AAA00114 /* TreeViewModel.swift */; };
		AAA00105 /* TreeView.swift in Sources */ = {isa = PBXBuildFile; fileRef = AAA00115 /* TreeView.swift */; };
		AAA00106 /* anchors.json in Resources */ = {isa = PBXBuildFile; fileRef = AAA00116 /* anchors.json */; };
		AAA00118 /* LLMConfigs.swift in Sources */ = {isa = PBXBuildFile; fileRef = AAA00117 /* LLMConfigs.swift */; };
		AAA00119 /* ModelRouter.swift in Sources */ = {isa = PBXBuildFile; fileRef = AAA0011A /* ModelRouter.swift */; };
		AAA0011B /* SummaryService.swift in Sources */ = {isa = PBXBuildFile; fileRef = AAA0011C /* SummaryService.swift */; };
		AAA00204 /* DreamViewModel.swift in Sources */ = {isa = PBXBuildFile; fileRef = AAA00201 /* DreamViewModel.swift */; };
		AAA00205 /* DreamView.swift in Sources */ = {isa = PBXBuildFile; fileRef = AAA00202 /* DreamView.swift */; };
		AAA00206 /* dream-system-prompt.md in Resources */ = {isa = PBXBuildFile; fileRef = AAA00203 /* dream-system-prompt.md */; };
/* End PBXBuildFile section */

/* Begin PBXFileReference section */
		AAA00004 /* HeartlabsEchoApp.swift */ = {isa = PBXFileReference; lastKnownFileType = sourcecode.swift; path = HeartlabsEchoApp.swift; sourceTree = "<group>"; };
		AAA00005 /* ContentView.swift */ = {isa = PBXFileReference; lastKnownFileType = sourcecode.swift; path = ContentView.swift; sourceTree = "<group>"; };
		AAA00006 /* SpeechRecognizer.swift */ = {isa = PBXFileReference; lastKnownFileType = sourcecode.swift; path = SpeechRecognizer.swift; sourceTree = "<group>"; };
		AAA00007 /* Info.plist */ = {isa = PBXFileReference; lastKnownFileType = text.plist.xml; path = Info.plist; sourceTree = "<group>"; };
		AAA00008 /* Assets.xcassets */ = {isa = PBXFileReference; lastKnownFileType = folder.assetcatalog; path = Assets.xcassets; sourceTree = "<group>"; };
		AAA0000E /* Heartlabs Echo.app */ = {isa = PBXFileReference; explicitFileType = wrapper.application; includeInIndex = 0; path = "Heartlabs Echo.app"; sourceTree = BUILT_PRODUCTS_DIR; };
		AAA0001E /* ChatMessage.swift */ = {isa = PBXFileReference; lastKnownFileType = sourcecode.swift; path = ChatMessage.swift; sourceTree = "<group>"; };
		AAA0001F /* LLMService.swift */ = {isa = PBXFileReference; lastKnownFileType = sourcecode.swift; path = LLMService.swift; sourceTree = "<group>"; };
		AAA00020 /* ChatViewModel.swift */ = {isa = PBXFileReference; lastKnownFileType = sourcecode.swift; path = ChatViewModel.swift; sourceTree = "<group>"; };
		AAA00021 /* system-prompt.md */ = {isa = PBXFileReference; lastKnownFileType = net.daringfireball.markdown; path = "system-prompt.md"; sourceTree = "<group>"; };
		AAA00023 /* llm-config.plist */ = {isa = PBXFileReference; lastKnownFileType = text.plist.xml; path = "llm-config.plist"; sourceTree = "<group>"; };
		AAA00025 /* Theme.swift */ = {isa = PBXFileReference; lastKnownFileType = sourcecode.swift; path = Theme.swift; sourceTree = "<group>"; };
		AAA00028 /* Models.swift */ = {isa = PBXFileReference; lastKnownFileType = sourcecode.swift; path = Models.swift; sourceTree = "<group>"; };
		AAA0002A /* ConversationService.swift */ = {isa = PBXFileReference; lastKnownFileType = sourcecode.swift; path = ConversationService.swift; sourceTree = "<group>"; };
		AAA0002D /* CalendarView.swift */ = {isa = PBXFileReference; lastKnownFileType = sourcecode.swift; path = CalendarView.swift; sourceTree = "<group>"; };
		AAA0002E /* CalendarViewModel.swift */ = {isa = PBXFileReference; lastKnownFileType = sourcecode.swift; path = CalendarViewModel.swift; sourceTree = "<group>"; };
		AAA00111 /* LifeTreeModels.swift */ = {isa = PBXFileReference; lastKnownFileType = sourcecode.swift; path = LifeTreeModels.swift; sourceTree = "<group>"; };
		AAA00112 /* TreeRenderer.swift */ = {isa = PBXFileReference; lastKnownFileType = sourcecode.swift; path = TreeRenderer.swift; sourceTree = "<group>"; };
		AAA00113 /* TreeScoreService.swift */ = {isa = PBXFileReference; lastKnownFileType = sourcecode.swift; path = TreeScoreService.swift; sourceTree = "<group>"; };
		AAA00114 /* TreeViewModel.swift */ = {isa = PBXFileReference; lastKnownFileType = sourcecode.swift; path = TreeViewModel.swift; sourceTree = "<group>"; };
		AAA00115 /* TreeView.swift */ = {isa = PBXFileReference; lastKnownFileType = sourcecode.swift; path = TreeView.swift; sourceTree = "<group>"; };
		AAA00116 /* anchors.json */ = {isa = PBXFileReference; lastKnownFileType = text.json; path = anchors.json; sourceTree = "<group>"; };
		AAA00117 /* LLMConfigs.swift */ = {isa = PBXFileReference; lastKnownFileType = sourcecode.swift; path = LLMConfigs.swift; sourceTree = "<group>"; };
		AAA0011A /* ModelRouter.swift */ = {isa = PBXFileReference; lastKnownFileType = sourcecode.swift; path = ModelRouter.swift; sourceTree = "<group>"; };
		AAA0011C /* SummaryService.swift */ = {isa = PBXFileReference; lastKnownFileType = sourcecode.swift; path = SummaryService.swift; sourceTree = "<group>"; };
		AAA00201 /* DreamViewModel.swift */ = {isa = PBXFileReference; lastKnownFileType = sourcecode.swift; path = DreamViewModel.swift; sourceTree = "<group>"; };
		AAA00202 /* DreamView.swift */ = {isa = PBXFileReference; lastKnownFileType = sourcecode.swift; path = DreamView.swift; sourceTree = "<group>"; };
		AAA00203 /* dream-system-prompt.md */ = {isa = PBXFileReference; lastKnownFileType = net.daringfireball.markdown; path = "dream-system-prompt.md"; sourceTree = "<group>"; };
/* End PBXFileReference section */

/* Begin PBXGroup section */
		AAA00009 = {
			isa = PBXGroup;
			children = (
				AAA0000A /* HeartlabsEcho */,
				AAA0000D /* Products */,
			);
			sourceTree = "<group>";
		};
		AAA0000A /* HeartlabsEcho */ = {
			isa = PBXGroup;
			children = (
				AAA00004 /* HeartlabsEchoApp.swift */,
				AAA00005 /* ContentView.swift */,
				AAA00006 /* SpeechRecognizer.swift */,
				AAA0001E /* ChatMessage.swift */,
				AAA0001F /* LLMService.swift */,
				AAA00020 /* ChatViewModel.swift */,
				AAA00021 /* system-prompt.md */,
				AAA00023 /* llm-config.plist */,
				AAA00025 /* Theme.swift */,
				AAA00028 /* Models.swift */,
				AAA0002A /* ConversationService.swift */,
				AAA0002D /* CalendarView.swift */,
				AAA0002E /* CalendarViewModel.swift */,
				AAA00111 /* LifeTreeModels.swift */,
				AAA00112 /* TreeRenderer.swift */,
				AAA00113 /* TreeScoreService.swift */,
				AAA00114 /* TreeViewModel.swift */,
				AAA00115 /* TreeView.swift */,
				AAA00116 /* anchors.json */,
				AAA00117 /* LLMConfigs.swift */,
				AAA0011A /* ModelRouter.swift */,
				AAA0011C /* SummaryService.swift */,
				AAA00201 /* DreamViewModel.swift */,
				AAA00202 /* DreamView.swift */,
				AAA00203 /* dream-system-prompt.md */,
				AAA00007 /* Info.plist */,
				AAA00008 /* Assets.xcassets */,
			);
			path = HeartlabsEcho;
			sourceTree = "<group>";
		};
		AAA0000D /* Products */ = {
			isa = PBXGroup;
			children = (
				AAA0000E /* Heartlabs Echo.app */,
			);
			name = Products;
			sourceTree = "<group>";
		};
/* End PBXGroup section */

/* Begin PBXNativeTarget section */
		AAA0000F /* Heartlabs Echo */ = {
			isa = PBXNativeTarget;
			buildConfigurationList = AAA00018 /* Build configuration list for PBXNativeTarget "Heartlabs Echo" */;
			buildPhases = (
				AAA00010 /* Sources */,
				AAA00012 /* Resources */,
			);
			buildRules = (
			);
			dependencies = (
			);
			name = "Heartlabs Echo";
			productName = "Heartlabs Echo";
			productReference = AAA0000E /* Heartlabs Echo.app */;
			productType = "com.apple.product-type.application";
		};
/* End PBXNativeTarget section */

/* Begin PBXProject section */
		AAA00013 /* Project object */ = {
			isa = PBXProject;
			attributes = {
				BuildIndependentTargetsInParallel = 1;
				LastSwiftUpdateCheck = 1530;
				LastUpgradeCheck = 1530;
				TargetAttributes = {
					AAA0000F = {
						CreatedOnToolsVersion = 15.3;
					};
				};
			};
			buildConfigurationList = AAA00014 /* Build configuration list for PBXProject "HeartlabsEcho" */;
			compatibilityVersion = "Xcode 14.0";
			developmentRegion = en;
			hasScannedForEncodings = 0;
			knownRegions = (
				en,
				Base,
			);
			mainGroup = AAA00009;
			productRefGroup = AAA0000D /* Products */;
			projectDirPath = "";
			projectRoot = "";
			targets = (
				AAA0000F /* Heartlabs Echo */,
			);
		};
/* End PBXProject section */

/* Begin PBXResourcesBuildPhase section */
		AAA00012 /* Resources */ = {
			isa = PBXResourcesBuildPhase;
			buildActionMask = 2147483647;
			files = (
				AAA0001D /* system-prompt.md in Resources */,
				AAA00024 /* llm-config.plist in Resources */,
				AAA00030 /* Assets.xcassets in Resources */,
				AAA00106 /* anchors.json in Resources */,
				AAA00206 /* dream-system-prompt.md in Resources */,
			);
			runOnlyForDeploymentPostprocessing = 0;
		};
/* End PBXResourcesBuildPhase section */

/* Begin PBXSourcesBuildPhase section */
		AAA00010 /* Sources */ = {
			isa = PBXSourcesBuildPhase;
			buildActionMask = 2147483647;
			files = (
				AAA00001 /* HeartlabsEchoApp.swift in Sources */,
				AAA00002 /* ContentView.swift in Sources */,
				AAA00003 /* SpeechRecognizer.swift in Sources */,
				AAA0001A /* ChatMessage.swift in Sources */,
				AAA0001B /* LLMService.swift in Sources */,
				AAA0001C /* ChatViewModel.swift in Sources */,
				AAA00026 /* Theme.swift in Sources */,
				AAA00027 /* Models.swift in Sources */,
				AAA00029 /* ConversationService.swift in Sources */,
				AAA0002B /* CalendarView.swift in Sources */,
				AAA0002C /* CalendarViewModel.swift in Sources */,
				AAA00101 /* LifeTreeModels.swift in Sources */,
				AAA00102 /* TreeRenderer.swift in Sources */,
				AAA00103 /* TreeScoreService.swift in Sources */,
				AAA00104 /* TreeViewModel.swift in Sources */,
				AAA00105 /* TreeView.swift in Sources */,
				AAA00119 /* ModelRouter.swift in Sources */,
				AAA00118 /* LLMConfigs.swift in Sources */,
				AAA0011B /* SummaryService.swift in Sources */,
				AAA00204 /* DreamViewModel.swift in Sources */,
				AAA00205 /* DreamView.swift in Sources */,
			);
			runOnlyForDeploymentPostprocessing = 0;
		};
/* End PBXSourcesBuildPhase section */

/* Begin XCBuildConfiguration section */
		AAA00015 /* Debug */ = {
			isa = XCBuildConfiguration;
			buildSettings = {
				ALWAYS_SEARCH_USER_PATHS = NO;
				CLANG_ANALYZER_NONNULL = YES;
				CLANG_CXX_LANGUAGE_STANDARD = "gnu++20";
				CLANG_ENABLE_MODULES = YES;
				CLANG_ENABLE_OBJC_ARC = YES;
				COPY_PHASE_STRIP = NO;
				CURRENT_PROJECT_VERSION = 1.0.1;
				DEBUG_INFORMATION_FORMAT = dwarf;
				ENABLE_STRICT_OBJC_MSGSEND = YES;
				ENABLE_TESTABILITY = YES;
				GCC_DYNAMIC_NO_PIC = NO;
				GCC_OPTIMIZATION_LEVEL = 0;
				GCC_PREPROCESSOR_DEFINITIONS = (
					"DEBUG=1",
					"$(inherited)",
				);
				IPHONEOS_DEPLOYMENT_TARGET = 17.0;
				MTL_ENABLE_DEBUG_INFO = INCLUDE_SOURCE;
				ONLY_ACTIVE_ARCH = YES;
				SDKROOT = iphoneos;
				SWIFT_ACTIVE_COMPILATION_CONDITIONS = DEBUG;
				SWIFT_OPTIMIZATION_LEVEL = "-Onone";
				VERSIONING_SYSTEM = "apple-generic";
			};
			name = Debug;
		};
		AAA00016 /* Release */ = {
			isa = XCBuildConfiguration;
			buildSettings = {
				ALWAYS_SEARCH_USER_PATHS = NO;
				CLANG_ANALYZER_NONNULL = YES;
				CLANG_CXX_LANGUAGE_STANDARD = "gnu++20";
				CLANG_ENABLE_MODULES = YES;
				CLANG_ENABLE_OBJC_ARC = YES;
				COPY_PHASE_STRIP = NO;
				CURRENT_PROJECT_VERSION = 1.0.1;
				DEBUG_INFORMATION_FORMAT = "dwarf-with-dsym";
				ENABLE_NS_ASSERTIONS = NO;
				ENABLE_STRICT_OBJC_MSGSEND = YES;
				GCC_OPTIMIZATION_LEVEL = s;
				IPHONEOS_DEPLOYMENT_TARGET = 17.0;
				MTL_ENABLE_DEBUG_INFO = NO;
				SDKROOT = iphoneos;
				SWIFT_COMPILATION_MODE = wholemodule;
				SWIFT_OPTIMIZATION_LEVEL = "-O";
				VALIDATE_PRODUCT = YES;
				VERSIONING_SYSTEM = "apple-generic";
			};
			name = Release;
		};
		AAA00017 /* Debug */ = {
			isa = XCBuildConfiguration;
			buildSettings = {
				ASSETCATALOG_COMPILER_APPICON_NAME = AppIcon;
				ASSETCATALOG_COMPILER_GLOBAL_ACCENT_COLOR_NAME = AccentColor;
				CODE_SIGN_IDENTITY = "Apple Development";
				CODE_SIGN_STYLE = Automatic;
				CURRENT_PROJECT_VERSION = 1;
				DEVELOPMENT_TEAM = 4PMBJTU3G9;
				GENERATE_INFOPLIST_FILE = NO;
				INFOPLIST_FILE = HeartlabsEcho/Info.plist;
				INFOPLIST_KEY_CFBundleDisplayName = "Heartlabs Echo";
				INFOPLIST_KEY_UIApplicationSceneManifest_Generation = YES;
				INFOPLIST_KEY_UIApplicationSupportsIndirectInputEvents = YES;
				INFOPLIST_KEY_UILaunchScreen_Generation = YES;
				INFOPLIST_KEY_UISupportedInterfaceOrientations = UIInterfaceOrientationPortrait;
				MARKETING_VERSION = 1.0;
				PRODUCT_BUNDLE_IDENTIFIER = eu.heartlabs.echo;
				PRODUCT_NAME = "$(TARGET_NAME)";
				PROVISIONING_PROFILE_SPECIFIER = "";
				SWIFT_EMIT_LOC_STRINGS = YES;
				SWIFT_VERSION = 5.0;
				TARGETED_DEVICE_FAMILY = 1;
			};
			name = Debug;
		};
		AAA00019 /* Release */ = {
			isa = XCBuildConfiguration;
			buildSettings = {
				ASSETCATALOG_COMPILER_APPICON_NAME = AppIcon;
				ASSETCATALOG_COMPILER_GLOBAL_ACCENT_COLOR_NAME = AccentColor;
				CODE_SIGN_IDENTITY = "Apple Development";
				CODE_SIGN_STYLE = Automatic;
				CURRENT_PROJECT_VERSION = 1;
				DEVELOPMENT_TEAM = 4PMBJTU3G9;
				GENERATE_INFOPLIST_FILE = NO;
				INFOPLIST_FILE = HeartlabsEcho/Info.plist;
				INFOPLIST_KEY_CFBundleDisplayName = "Heartlabs Echo";
				INFOPLIST_KEY_UIApplicationSceneManifest_Generation = YES;
				INFOPLIST_KEY_UIApplicationSupportsIndirectInputEvents = YES;
				INFOPLIST_KEY_UILaunchScreen_Generation = YES;
				INFOPLIST_KEY_UISupportedInterfaceOrientations = UIInterfaceOrientationPortrait;
				MARKETING_VERSION = 1.0;
				PRODUCT_BUNDLE_IDENTIFIER = eu.heartlabs.echo;
				PRODUCT_NAME = "$(TARGET_NAME)";
				PROVISIONING_PROFILE_SPECIFIER = "";
				SWIFT_EMIT_LOC_STRINGS = YES;
				SWIFT_VERSION = 5.0;
				TARGETED_DEVICE_FAMILY = 1;
			};
			name = Release;
		};
/* End XCBuildConfiguration section */

/* Begin XCConfigurationList section */
		AAA00014 /* Build configuration list for PBXProject "HeartlabsEcho" */ = {
			isa = XCConfigurationList;
			buildConfigurations = (
				AAA00015 /* Debug */,
				AAA00016 /* Release */,
			);
			defaultConfigurationIsVisible = 0;
			defaultConfigurationName = Release;
		};
		AAA00018 /* Build configuration list for PBXNativeTarget "Heartlabs Echo" */ = {
			isa = XCConfigurationList;
			buildConfigurations = (
				AAA00017 /* Debug */,
				AAA00019 /* Release */,
			);
			defaultConfigurationIsVisible = 0;
			defaultConfigurationName = Release;
		};
/* End XCConfigurationList section */
	};
	rootObject = AAA00013 /* Project object */;
}
